
Microsoft Visual Studio Solution File, Format Version 12.00
# Visual Studio Version 17
VisualStudioVersion = 17.4.33213.308
MinimumVisualStudioVersion = 10.0.40219.1
Project("{FAE04EC0-301F-11D3-BF4B-00C04F79EFBC}") = "WinFormsApp7", "WinFormsApp7\WinFormsApp7.csproj", "{ED049E2C-1A62-44C1-A100-6B5312823B24}"
EndProject
Global
	GlobalSection(SolutionConfigurationPlatforms) = preSolution
		Debug|Any CPU = Debug|Any CPU
		Release|Any CPU = Release|Any CPU
	EndGlobalSection
	GlobalSection(ProjectConfigurationPlatforms) = postSolution
		{ED049E2C-1A62-44C1-A100-6B5312823B24}.Debug|Any CPU.ActiveCfg = Debug|Any CPU
		{ED049E2C-1A62-44C1-A100-6B5312823B24}.Debug|Any CPU.Build.0 = Debug|Any CPU
		{ED049E2C-1A62-44C1-A100-6B5312823B24}.Release|Any CPU.ActiveCfg = Release|Any CPU
		{ED049E2C-1A62-44C1-A100-6B5312823B24}.Release|Any CPU.Build.0 = Release|Any CPU
	EndGlobalSection
	GlobalSection(SolutionProperties) = preSolution
		HideSolutionNode = FALSE
	EndGlobalSection
	GlobalSection(ExtensibilityGlobals) = postSolution
		SolutionGuid = {CBF712A0-49B9-4310-83DD-291C2D847E9D}
	EndGlobalSection
EndGlobal
